
Microsoft Visual Studio Solution File, Format Version 12.00
# Visual Studio Version 17
VisualStudioVersion = 17.8.34316.72
MinimumVisualStudioVersion = 10.0.40219.1
Project("{9A19103F-16F7-4668-BE54-9A1E7A4F7556}") = "TicketService", "TicketService\TicketService.csproj", "{D54433CE-6477-4928-9099-CC649BE3786B}"
EndProject
Project("{9A19103F-16F7-4668-BE54-9A1E7A4F7556}") = "FlightService", "FlightService\FlightService.csproj", "{9E2747A6-51C8-4B04-8297-0DEDA143859F}"
EndProject
Project("{9A19103F-16F7-4668-BE54-9A1E7A4F7556}") = "BonusService", "BonusService\BonusService.csproj", "{7E81AE4C-89C5-42F8-9411-3ABF7EB1AFD8}"
EndProject
Project("{9A19103F-16F7-4668-BE54-9A1E7A4F7556}") = "GatewayService", "GatewayService\GatewayService.csproj", "{392185D0-1225-45D4-A408-D04C67B5AC40}"
EndProject
Project("{FAE04EC0-301F-11D3-BF4B-00C04F79EFBC}") = "Tests", "Tests\Tests.csproj", "{8C05776F-1611-49D4-9537-D4635FB22484}"
EndProject
Global
	GlobalSection(SolutionConfigurationPlatforms) = preSolution
		Debug|Any CPU = Debug|Any CPU
		Release|Any CPU = Release|Any CPU
	EndGlobalSection
	GlobalSection(ProjectConfigurationPlatforms) = postSolution
		{D54433CE-6477-4928-9099-CC649BE3786B}.Debug|Any CPU.ActiveCfg = Debug|Any CPU
		{D54433CE-6477-4928-9099-CC649BE3786B}.Debug|Any CPU.Build.0 = Debug|Any CPU
		{D54433CE-6477-4928-9099-CC649BE3786B}.Release|Any CPU.ActiveCfg = Release|Any CPU
		{D54433CE-6477-4928-9099-CC649BE3786B}.Release|Any CPU.Build.0 = Release|Any CPU
		{9E2747A6-51C8-4B04-8297-0DEDA143859F}.Debug|Any CPU.ActiveCfg = Debug|Any CPU
		{9E2747A6-51C8-4B04-8297-0DEDA143859F}.Debug|Any CPU.Build.0 = Debug|Any CPU
		{9E2747A6-51C8-4B04-8297-0DEDA143859F}.Release|Any CPU.ActiveCfg = Release|Any CPU
		{9E2747A6-51C8-4B04-8297-0DEDA143859F}.Release|Any CPU.Build.0 = Release|Any CPU
		{7E81AE4C-89C5-42F8-9411-3ABF7EB1AFD8}.Debug|Any CPU.ActiveCfg = Debug|Any CPU
		{7E81AE4C-89C5-42F8-9411-3ABF7EB1AFD8}.Debug|Any CPU.Build.0 = Debug|Any CPU
		{7E81AE4C-89C5-42F8-9411-3ABF7EB1AFD8}.Release|Any CPU.ActiveCfg = Release|Any CPU
		{7E81AE4C-89C5-42F8-9411-3ABF7EB1AFD8}.Release|Any CPU.Build.0 = Release|Any CPU
		{392185D0-1225-45D4-A408-D04C67B5AC40}.Debug|Any CPU.ActiveCfg = Debug|Any CPU
		{392185D0-1225-45D4-A408-D04C67B5AC40}.Debug|Any CPU.Build.0 = Debug|Any CPU
		{392185D0-1225-45D4-A408-D04C67B5AC40}.Release|Any CPU.ActiveCfg = Release|Any CPU
		{392185D0-1225-45D4-A408-D04C67B5AC40}.Release|Any CPU.Build.0 = Release|Any CPU
		{8C05776F-1611-49D4-9537-D4635FB22484}.Debug|Any CPU.ActiveCfg = Debug|Any CPU
		{8C05776F-1611-49D4-9537-D4635FB22484}.Debug|Any CPU.Build.0 = Debug|Any CPU
		{8C05776F-1611-49D4-9537-D4635FB22484}.Release|Any CPU.ActiveCfg = Release|Any CPU
		{8C05776F-1611-49D4-9537-D4635FB22484}.Release|Any CPU.Build.0 = Release|Any CPU
	EndGlobalSection
	GlobalSection(SolutionProperties) = preSolution
		HideSolutionNode = FALSE
	EndGlobalSection
	GlobalSection(ExtensibilityGlobals) = postSolution
		SolutionGuid = {FDEC3737-B5A7-4B10-BF3F-06E33B7B460E}
	EndGlobalSection
EndGlobal
